{
  "name": "mono_repo_ts",
  "version": "1.0.0",
  "lockfileVersion": 2,
  "requires": true,
  "packages": {
    "": {
      "name": "mono_repo_ts",
      "version": "1.0.0",
      "license": "ISC",
      "workspaces": [
        "packages/core",
        "packages/web",
        "packages/cli"
      ],
      "dependencies": {
        "typescript": "^4.9.4"
      },
      "devDependencies": {}
    },
    "node_modules/@mono_repo_ts/cli": {
      "resolved": "packages/cli",
      "link": true
    },
    "node_modules/@mono_repo_ts/core": {
      "resolved": "packages/core",
      "link": true
    },
    "node_modules/@mono_repo_ts/web": {
      "resolved": "packages/web",
      "link": true
    },
    "node_modules/typescript": {
      "version": "4.9.4",
      "resolved": "https://registry.npmjs.org/typescript/-/typescript-4.9.4.tgz",
      "integrity": "sha512-Uz+dTXYzxXXbsFpM86Wh3dKCxrQqUcVMxwU54orwlJjOpO3ao8L7j5lH+dWfTwgCwIuM9GQ2kvVotzYJMXTBZg==",
      "bin": {
        "tsc": "bin/tsc",
        "tsserver": "bin/tsserver"
      },
      "engines": {
        "node": ">=4.2.0"
      }
    },
    "packages/cli": {
      "name": "@mono_repo_ts/cli",
      "version": "1.0.0",
      "license": "ISC",
      "dependencies": {
        "@mono_repo_ts/core": "^1.0.0"
      }
    },
    "packages/core": {
      "name": "@mono_repo_ts/core",
      "version": "1.0.0",
      "license": "ISC",
      "devDependencies": {}
    },
    "packages/web": {
      "name": "@mono_repo_ts/web",
      "version": "1.0.0",
      "license": "ISC",
      "dependencies": {
        "@mono_repo_ts/core": "^1.0.0"
      }
    }
  },
  "dependencies": {
    "@mono_repo_ts/cli": {
      "version": "file:packages/cli",
      "requires": {
        "@mono_repo_ts/core": "^1.0.0"
      }
    },
    "@mono_repo_ts/core": {
      "version": "file:packages/core"
    },
    "@mono_repo_ts/web": {
      "version": "file:packages/web",
      "requires": {
        "@mono_repo_ts/core": "^1.0.0"
      }
    },
    "typescript": {
      "version": "4.9.4",
      "resolved": "https://registry.npmjs.org/typescript/-/typescript-4.9.4.tgz",
      "integrity": "sha512-Uz+dTXYzxXXbsFpM86Wh3dKCxrQqUcVMxwU54orwlJjOpO3ao8L7j5lH+dWfTwgCwIuM9GQ2kvVotzYJMXTBZg=="
    }
  }
}
